
Microsoft Visual Studio Solution File, Format Version 12.00
# Visual Studio Version 16
Project("{8BC9CEB8-8B4A-11D0-8D11-00A0C91BC942}") = "ALL_BUILD", "ALL_BUILD.vcxproj", "{545785B0-676C-368F-9E88-E498B53C06AF}"
	ProjectSection(ProjectDependencies) = postProject
		{4268EB0C-64ED-31A1-97F1-12C08F7BDD00} = {4268EB0C-64ED-31A1-97F1-12C08F7BDD00}
		{AF69F6D2-BCED-3661-B368-B7669706CE39} = {AF69F6D2-BCED-3661-B368-B7669706CE39}
		{764CE565-BBDC-3410-8B72-0409D64F22AC} = {764CE565-BBDC-3410-8B72-0409D64F22AC}
	EndProjectSection
EndProject
Project("{8BC9CEB8-8B4A-11D0-8D11-00A0C91BC942}") = "ZERO_CHECK", "ZERO_CHECK.vcxproj", "{4268EB0C-64ED-31A1-97F1-12C08F7BDD00}"
	ProjectSection(ProjectDependencies) = postProject
	EndProjectSection
EndProject
Project("{8BC9CEB8-8B4A-11D0-8D11-00A0C91BC942}") = "functions", "functions\functions.vcxproj", "{AF69F6D2-BCED-3661-B368-B7669706CE39}"
	ProjectSection(ProjectDependencies) = postProject
		{4268EB0C-64ED-31A1-97F1-12C08F7BDD00} = {4268EB0C-64ED-31A1-97F1-12C08F7BDD00}
	EndProjectSection
EndProject
Project("{8BC9CEB8-8B4A-11D0-8D11-00A0C91BC942}") = "main", "main.vcxproj", "{764CE565-BBDC-3410-8B72-0409D64F22AC}"
	ProjectSection(ProjectDependencies) = postProject
		{4268EB0C-64ED-31A1-97F1-12C08F7BDD00} = {4268EB0C-64ED-31A1-97F1-12C08F7BDD00}
		{AF69F6D2-BCED-3661-B368-B7669706CE39} = {AF69F6D2-BCED-3661-B368-B7669706CE39}
	EndProjectSection
EndProject
Global
	GlobalSection(SolutionConfigurationPlatforms) = preSolution
		Debug|x64 = Debug|x64
		Release|x64 = Release|x64
		MinSizeRel|x64 = MinSizeRel|x64
		RelWithDebInfo|x64 = RelWithDebInfo|x64
	EndGlobalSection
	GlobalSection(ProjectConfigurationPlatforms) = postSolution
		{545785B0-676C-368F-9E88-E498B53C06AF}.Debug|x64.ActiveCfg = Debug|x64
		{545785B0-676C-368F-9E88-E498B53C06AF}.Release|x64.ActiveCfg = Release|x64
		{545785B0-676C-368F-9E88-E498B53C06AF}.MinSizeRel|x64.ActiveCfg = MinSizeRel|x64
		{545785B0-676C-368F-9E88-E498B53C06AF}.RelWithDebInfo|x64.ActiveCfg = RelWithDebInfo|x64
		{4268EB0C-64ED-31A1-97F1-12C08F7BDD00}.Debug|x64.ActiveCfg = Debug|x64
		{4268EB0C-64ED-31A1-97F1-12C08F7BDD00}.Debug|x64.Build.0 = Debug|x64
		{4268EB0C-64ED-31A1-97F1-12C08F7BDD00}.Release|x64.ActiveCfg = Release|x64
		{4268EB0C-64ED-31A1-97F1-12C08F7BDD00}.Release|x64.Build.0 = Release|x64
		{4268EB0C-64ED-31A1-97F1-12C08F7BDD00}.MinSizeRel|x64.ActiveCfg = MinSizeRel|x64
		{4268EB0C-64ED-31A1-97F1-12C08F7BDD00}.MinSizeRel|x64.Build.0 = MinSizeRel|x64
		{4268EB0C-64ED-31A1-97F1-12C08F7BDD00}.RelWithDebInfo|x64.ActiveCfg = RelWithDebInfo|x64
		{4268EB0C-64ED-31A1-97F1-12C08F7BDD00}.RelWithDebInfo|x64.Build.0 = RelWithDebInfo|x64
		{AF69F6D2-BCED-3661-B368-B7669706CE39}.Debug|x64.ActiveCfg = Debug|x64
		{AF69F6D2-BCED-3661-B368-B7669706CE39}.Debug|x64.Build.0 = Debug|x64
		{AF69F6D2-BCED-3661-B368-B7669706CE39}.Release|x64.ActiveCfg = Release|x64
		{AF69F6D2-BCED-3661-B368-B7669706CE39}.Release|x64.Build.0 = Release|x64
		{AF69F6D2-BCED-3661-B368-B7669706CE39}.MinSizeRel|x64.ActiveCfg = MinSizeRel|x64
		{AF69F6D2-BCED-3661-B368-B7669706CE39}.MinSizeRel|x64.Build.0 = MinSizeRel|x64
		{AF69F6D2-BCED-3661-B368-B7669706CE39}.RelWithDebInfo|x64.ActiveCfg = RelWithDebInfo|x64
		{AF69F6D2-BCED-3661-B368-B7669706CE39}.RelWithDebInfo|x64.Build.0 = RelWithDebInfo|x64
		{764CE565-BBDC-3410-8B72-0409D64F22AC}.Debug|x64.ActiveCfg = Debug|x64
		{764CE565-BBDC-3410-8B72-0409D64F22AC}.Debug|x64.Build.0 = Debug|x64
		{764CE565-BBDC-3410-8B72-0409D64F22AC}.Release|x64.ActiveCfg = Release|x64
		{764CE565-BBDC-3410-8B72-0409D64F22AC}.Release|x64.Build.0 = Release|x64
		{764CE565-BBDC-3410-8B72-0409D64F22AC}.MinSizeRel|x64.ActiveCfg = MinSizeRel|x64
		{764CE565-BBDC-3410-8B72-0409D64F22AC}.MinSizeRel|x64.Build.0 = MinSizeRel|x64
		{764CE565-BBDC-3410-8B72-0409D64F22AC}.RelWithDebInfo|x64.ActiveCfg = RelWithDebInfo|x64
		{764CE565-BBDC-3410-8B72-0409D64F22AC}.RelWithDebInfo|x64.Build.0 = RelWithDebInfo|x64
	EndGlobalSection
	GlobalSection(ExtensibilityGlobals) = postSolution
		SolutionGuid = {75A9FB0E-2081-3C83-95C9-02C7713AF0AC}
	EndGlobalSection
	GlobalSection(ExtensibilityAddIns) = postSolution
	EndGlobalSection
EndGlobal
