<?xml version="1.0" encoding="utf-8"?>
<Project ToolsVersion="16.0" xmlns="http://schemas.microsoft.com/developer/msbuild/2003">
  <ItemGroup>
    <ClCompile Include="C:\Users\artem\Documents\ООП\Task2\functions\src\Functions.cpp">
      <Filter>Source Files</Filter>
    </ClCompile>
  </ItemGroup>
  <ItemGroup>
    <CustomBuild Include="C:\Users\artem\Documents\ООП\Task2\functions\CMakeLists.txt" />
  </ItemGroup>
  <ItemGroup>
    <Filter Include="Source Files">
      <UniqueIdentifier>{8C4E38B0-8F1F-34F6-84CC-2FA4BFA5B4ED}</UniqueIdentifier>
    </Filter>
  </ItemGroup>
</Project>
